// !$*UTF8*$!
{
	archiveVersion = 1;
	classes = {
	};
	objectVersion = 77;
	objects = {

/* Begin PBXBuildFile section */
		066310E1C4AE3A2D38A86B29 /* JetBrainsMono-Medium.ttf in Resources */ = {isa = PBXBuildFile; fileRef = E53B3E35C6061251F7EECD49 /* JetBrainsMono-Medium.ttf */; };
		0768B42A4C4837B35E0E2D92 /* ClerkConfig.swift in Sources */ = {isa = PBXBuildFile; fileRef = 0D33001A41A61F14A7FF6DC5 /* ClerkConfig.swift */; };
		07EBA88DD5D484E23DC9AE63 /* Inter-ExtraBold.ttf in Resources */ = {isa = PBXBuildFile; fileRef = 5233D2CF6CA1B2E991719533 /* Inter-ExtraBold.ttf */; };
		0AF25A974BE905CC8C24B411 /* Color+Hex.swift in Sources */ = {isa = PBXBuildFile; fileRef = D992545C0249927E89D3A6E3 /* Color+Hex.swift */; };
		0D2D0B74059E57B45C9EBA8F /* OCRAPI.swift in Sources */ = {isa = PBXBuildFile; fileRef = CAC9877115B058698C394F9C /* OCRAPI.swift */; };
		13976D301F88A1C238C19788 /* AddPersonSheet.swift in Sources */ = {isa = PBXBuildFile; fileRef = F48D89E6721BAA85723D503D /* AddPersonSheet.swift */; };
		1516AD1FE5626B7117B3133B /* HistoryRowView.swift in Sources */ = {isa = PBXBuildFile; fileRef = FDE7615539CA890D75635B4B /* HistoryRowView.swift */; };
		1BAADEB2CE8297A5411F7C03 /* APIClient.swift in Sources */ = {isa = PBXBuildFile; fileRef = C2033B398178771614A49EEE /* APIClient.swift */; };
		1C74D65D731FD39CAD64D854 /* CameraPreview.swift in Sources */ = {isa = PBXBuildFile; fileRef = 932F92E6A45A72DDB26478EA /* CameraPreview.swift */; };
		1E67426CFFAF93CE7931E45E /* AuthService.swift in Sources */ = {isa = PBXBuildFile; fileRef = 70BFF19D6672D922E5ED88DC /* AuthService.swift */; };
		2A1A1465B27964C6F3E0EA1C /* APITypes.swift in Sources */ = {isa = PBXBuildFile; fileRef = BACD732C488FA2D87788A9F0 /* APITypes.swift */; };
		2E115CBAAEDF62E0106B61FC /* PennyReconciler.swift in Sources */ = {isa = PBXBuildFile; fileRef = AD3754D2783C2540CAF05CD5 /* PennyReconciler.swift */; };
		2EE9F8322BA465521AD2D0F2 /* ScannerView.swift in Sources */ = {isa = PBXBuildFile; fileRef = 8D1574FC34846488002E2864 /* ScannerView.swift */; };
		2F1DD517616175BB4C8F94CB /* BillCalculator.swift in Sources */ = {isa = PBXBuildFile; fileRef = 4049725F5DE46246213B6EA4 /* BillCalculator.swift */; };
		2F598F440FE0F95620971525 /* Item.swift in Sources */ = {isa = PBXBuildFile; fileRef = 1E0DDC93CB4B2CFDC810D73D /* Item.swift */; };
		2FD52A1F0BC6DD9C5655F93E /* SummaryView.swift in Sources */ = {isa = PBXBuildFile; fileRef = 02E4215897A68DF0BC1A6888 /* SummaryView.swift */; };
		393F2C2B1DC0101AC672C483 /* Inter-SemiBold.ttf in Resources */ = {isa = PBXBuildFile; fileRef = A2A37D7E11FF7E820D99491A /* Inter-SemiBold.ttf */; };
		3BB0D3E84A929DA7AA4FCB2C /* PersistentBill.swift in Sources */ = {isa = PBXBuildFile; fileRef = C4DE38EFC0CDFFD1CBBB0DF1 /* PersistentBill.swift */; };
		3BEE3F7426ABEE0293C666D5 /* HistoryView.swift in Sources */ = {isa = PBXBuildFile; fileRef = 33CEB2197E42064650286BC8 /* HistoryView.swift */; };
		3E6FAB1C26FA480E24B5DBC5 /* PersonChip.swift in Sources */ = {isa = PBXBuildFile; fileRef = 8C7BB2B09DB7F1BE1E7029F6 /* PersonChip.swift */; };
		51BC2BA978C9CDD82C7817FA /* Appearance.swift in Sources */ = {isa = PBXBuildFile; fileRef = FBCA68F4AD89DA723A581EFD /* Appearance.swift */; };
		5242852BCE251CC87C317628 /* AddItemSheet.swift in Sources */ = {isa = PBXBuildFile; fileRef = 391BEEC8FCB0FF52FBD848FB /* AddItemSheet.swift */; };
		539B386AB79937FCF43DE6D7 /* MainTabView.swift in Sources */ = {isa = PBXBuildFile; fileRef = A1C5919B222B1E84F864C385 /* MainTabView.swift */; };
		58588F92FADD479750305336 /* Bill.swift in Sources */ = {isa = PBXBuildFile; fileRef = 6F3307C47CB1935A213A02CC /* Bill.swift */; };
		5C4DCB57241A2DB51B1D605E /* FontRegistration.swift in Sources */ = {isa = PBXBuildFile; fileRef = 14B95A8B1E08965078C7A04E /* FontRegistration.swift */; };
		6630DF55810C3A037FBB9428 /* ItemShare.swift in Sources */ = {isa = PBXBuildFile; fileRef = A4BBFA3F9F71BEA4EE85C0FE /* ItemShare.swift */; };
		67B6C0EA60F0DF12684C645D /* PersistentItem.swift in Sources */ = {isa = PBXBuildFile; fileRef = 99B5CDE9FD351EA0BB554E7C /* PersistentItem.swift */; };
		6A71EDBB59C635F2AECCFB50 /* Inter-Bold.ttf in Resources */ = {isa = PBXBuildFile; fileRef = 44D24197EAA10BBE96445D77 /* Inter-Bold.ttf */; };
		6B7E1E0EF508F03B35E9B0E1 /* Inter-Medium.ttf in Resources */ = {isa = PBXBuildFile; fileRef = 4081A1BE79D69BC51EB2B4B3 /* Inter-Medium.ttf */; };
		703B7E6DC574DACEDE4F0A40 /* ReceiptShareCard.swift in Sources */ = {isa = PBXBuildFile; fileRef = 3FD6EAF871F40DBEF78C09D1 /* ReceiptShareCard.swift */; };
		71BA4B0B5DE45E9952918262 /* HomeView.swift in Sources */ = {isa = PBXBuildFile; fileRef = BA934FC8CD78A3AA52503CE7 /* HomeView.swift */; };
		74E6D0651EEB036369ED5412 /* ClerkKit in Frameworks */ = {isa = PBXBuildFile; productRef = 024A8203182F094F30F83D14 /* ClerkKit */; };
		76B524D46AECABB97DDB772C /* ShareSheet.swift in Sources */ = {isa = PBXBuildFile; fileRef = 5533C708F71816BAD74E6DC2 /* ShareSheet.swift */; };
		7CD0CA8B4CD6A6A138AF51AC /* ClerkKitUI in Frameworks */ = {isa = PBXBuildFile; productRef = 04D61DCAC1185FFA6DC4CD71 /* ClerkKitUI */; };
		7D7D2720B3CA8B17D6B94C18 /* UserPreferences.swift in Sources */ = {isa = PBXBuildFile; fileRef = 9CFA2E5B6A5C4F1EF32273A9 /* UserPreferences.swift */; };
		82B0FA04C279931FCF0650DA /* ContentView.swift in Sources */ = {isa = PBXBuildFile; fileRef = D0D8E549D3C8FA3A2B0AC958 /* ContentView.swift */; };
		8AAD3E3167F39DBAFF757A96 /* Inter-Regular.ttf in Resources */ = {isa = PBXBuildFile; fileRef = 611073F11C7561927EE939F3 /* Inter-Regular.ttf */; };
		94E1B090BB86F6AEF2AA2DAB /* VenmoService.swift in Sources */ = {isa = PBXBuildFile; fileRef = 9CFBEC9EC4FE2E1BCD9C56D6 /* VenmoService.swift */; };
		96C0C0188B5D778649E9D2E5 /* BillViewModel.swift in Sources */ = {isa = PBXBuildFile; fileRef = 603B21E08F18762350CEA280 /* BillViewModel.swift */; };
		9ACD5FA30546290257FABD02 /* JetBrainsMono-Bold.ttf in Resources */ = {isa = PBXBuildFile; fileRef = B11F0D304FD0B244E0D2FA8A /* JetBrainsMono-Bold.ttf */; };
		9C15957A623F2DEA4AF647C1 /* LoadingOverlay.swift in Sources */ = {isa = PBXBuildFile; fileRef = CB7D04360D7E063BE4A1ECAC /* LoadingOverlay.swift */; };
		A1FC5ECA28C0B050C15228D9 /* PersistentPerson.swift in Sources */ = {isa = PBXBuildFile; fileRef = 28339F5199E889E8DA0FFF32 /* PersistentPerson.swift */; };
		B06B3D3BD6EA788CD5788C53 /* JetBrainsMono-Regular.ttf in Resources */ = {isa = PBXBuildFile; fileRef = 3C770C87550AB76F6BD030D2 /* JetBrainsMono-Regular.ttf */; };
		B2BDC8C2ABCE30681A3E5E60 /* TotalsCard.swift in Sources */ = {isa = PBXBuildFile; fileRef = F186E048856F77A8EC535808 /* TotalsCard.swift */; };
		B32F82297737A2D7E601DF71 /* CurrencyText.swift in Sources */ = {isa = PBXBuildFile; fileRef = 5332EA0402C410E8BCE464DE /* CurrencyText.swift */; };
		B46972CFAEC5956E0F292977 /* BillAPI.swift in Sources */ = {isa = PBXBuildFile; fileRef = 32CC1E7508DEE057C06AA021 /* BillAPI.swift */; };
		B7DEFF09A969F260BFA622D6 /* TipPickerView.swift in Sources */ = {isa = PBXBuildFile; fileRef = 85E9A5D89F51EC5D7D6A39DC /* TipPickerView.swift */; };
		B8CF5CE39F52D937F034412D /* ReceiptMapper.swift in Sources */ = {isa = PBXBuildFile; fileRef = 7DC8C9966BA22F2BA032CC3D /* ReceiptMapper.swift */; };
		B993913F403AE695AF702C91 /* Primitives.swift in Sources */ = {isa = PBXBuildFile; fileRef = 2AF4ADFCBF99A5727C1B8622 /* Primitives.swift */; };
		C739E5FE3820F0B4E912F336 /* Person.swift in Sources */ = {isa = PBXBuildFile; fileRef = F785F660898514157FAABF8E /* Person.swift */; };
		C894294D924EF30D9D2D589A /* Assets.xcassets in Resources */ = {isa = PBXBuildFile; fileRef = 6BCE377CC90E67121271D583 /* Assets.xcassets */; };
		C8EE1EBCF616BF1A91C620B9 /* EmptyStateView.swift in Sources */ = {isa = PBXBuildFile; fileRef = AB218B70AF6B52C3FE9F8B39 /* EmptyStateView.swift */; };
		D18E7AE2BAC6C142F801AAF8 /* PersistenceService.swift in Sources */ = {isa = PBXBuildFile; fileRef = D4F24504A3EEAD118ED9503D /* PersistenceService.swift */; };
		D1F5840508D470ADCC636388 /* TabbyAppMain.swift in Sources */ = {isa = PBXBuildFile; fileRef = 95E2A854B195BE825D93AE97 /* TabbyAppMain.swift */; };
		D50C5E9E4CBB7101A63F3840 /* SettingsView.swift in Sources */ = {isa = PBXBuildFile; fileRef = 41967E01F63DD69DC1EB6351 /* SettingsView.swift */; };
		D7BCFEEF3DA18216875E93E6 /* Typography.swift in Sources */ = {isa = PBXBuildFile; fileRef = 793075B2C3E7104AAA75BD79 /* Typography.swift */; };
		DF6E283B74995F813BCD55EC /* ItemRow.swift in Sources */ = {isa = PBXBuildFile; fileRef = 25511B58AA47DFCB900BA99A /* ItemRow.swift */; };
		E26ED7F3783BCBF49C94B429 /* ItemListView.swift in Sources */ = {isa = PBXBuildFile; fileRef = 9934F866A6DB479E106FF86A /* ItemListView.swift */; };
		E7FA2182D6F827ED1557822F /* PersonDot.swift in Sources */ = {isa = PBXBuildFile; fileRef = A93D4258AC61D9B684510FC0 /* PersonDot.swift */; };
		EBEB972A19FB5B0F5ABAD449 /* DeepLinkHandler.swift in Sources */ = {isa = PBXBuildFile; fileRef = EC48484E674793157320DED2 /* DeepLinkHandler.swift */; };
		EEA55BAF90A2F94B809948D1 /* TBToast.swift in Sources */ = {isa = PBXBuildFile; fileRef = 7F2B77EF8FDD632C394C4F0C /* TBToast.swift */; };
		F266295F4264F252ABB61527 /* AssignView.swift in Sources */ = {isa = PBXBuildFile; fileRef = 31B2FB00EC6C735A5A4A89EF /* AssignView.swift */; };
		F71BBAB6675375DF55C1B05B /* Tokens.swift in Sources */ = {isa = PBXBuildFile; fileRef = B6D73003E07191DAD25B1CBA /* Tokens.swift */; };
/* End PBXBuildFile section */

/* Begin PBXFileReference section */
		02E4215897A68DF0BC1A6888 /* SummaryView.swift */ = {isa = PBXFileReference; lastKnownFileType = sourcecode.swift; path = SummaryView.swift; sourceTree = "<group>"; };
		06E5AC7620F0F8D0A636D23B /* .gitkeep */ = {isa = PBXFileReference; path = .gitkeep; sourceTree = "<group>"; };
		0D33001A41A61F14A7FF6DC5 /* ClerkConfig.swift */ = {isa = PBXFileReference; lastKnownFileType = sourcecode.swift; path = ClerkConfig.swift; sourceTree = "<group>"; };
		14B95A8B1E08965078C7A04E /* FontRegistration.swift */ = {isa = PBXFileReference; lastKnownFileType = sourcecode.swift; path = FontRegistration.swift; sourceTree = "<group>"; };
		1B47BBEA71CF7504C7F10432 /* .gitkeep */ = {isa = PBXFileReference; path = .gitkeep; sourceTree = "<group>"; };
		1E0DDC93CB4B2CFDC810D73D /* Item.swift */ = {isa = PBXFileReference; lastKnownFileType = sourcecode.swift; path = Item.swift; sourceTree = "<group>"; };
		22BF3F5A17878C53D214ADA2 /* TabbyApp.entitlements */ = {isa = PBXFileReference; lastKnownFileType = text.plist.entitlements; path = TabbyApp.entitlements; sourceTree = "<group>"; };
		25511B58AA47DFCB900BA99A /* ItemRow.swift */ = {isa = PBXFileReference; lastKnownFileType = sourcecode.swift; path = ItemRow.swift; sourceTree = "<group>"; };
		28339F5199E889E8DA0FFF32 /* PersistentPerson.swift */ = {isa = PBXFileReference; lastKnownFileType = sourcecode.swift; path = PersistentPerson.swift; sourceTree = "<group>"; };
		2AF4ADFCBF99A5727C1B8622 /* Primitives.swift */ = {isa = PBXFileReference; lastKnownFileType = sourcecode.swift; path = Primitives.swift; sourceTree = "<group>"; };
		31B2FB00EC6C735A5A4A89EF /* AssignView.swift */ = {isa = PBXFileReference; lastKnownFileType = sourcecode.swift; path = AssignView.swift; sourceTree = "<group>"; };
		32CC1E7508DEE057C06AA021 /* BillAPI.swift */ = {isa = PBXFileReference; lastKnownFileType = sourcecode.swift; path = BillAPI.swift; sourceTree = "<group>"; };
		33CEB2197E42064650286BC8 /* HistoryView.swift */ = {isa = PBXFileReference; lastKnownFileType = sourcecode.swift; path = HistoryView.swift; sourceTree = "<group>"; };
		391BEEC8FCB0FF52FBD848FB /* AddItemSheet.swift */ = {isa = PBXFileReference; lastKnownFileType = sourcecode.swift; path = AddItemSheet.swift; sourceTree = "<group>"; };
		3C770C87550AB76F6BD030D2 /* JetBrainsMono-Regular.ttf */ = {isa = PBXFileReference; lastKnownFileType = file; path = "JetBrainsMono-Regular.ttf"; sourceTree = "<group>"; };
		3FD6EAF871F40DBEF78C09D1 /* ReceiptShareCard.swift */ = {isa = PBXFileReference; lastKnownFileType = sourcecode.swift; path = ReceiptShareCard.swift; sourceTree = "<group>"; };
		4049725F5DE46246213B6EA4 /* BillCalculator.swift */ = {isa = PBXFileReference; lastKnownFileType = sourcecode.swift; path = BillCalculator.swift; sourceTree = "<group>"; };
		4081A1BE79D69BC51EB2B4B3 /* Inter-Medium.ttf */ = {isa = PBXFileReference; lastKnownFileType = file; path = "Inter-Medium.ttf"; sourceTree = "<group>"; };
		41967E01F63DD69DC1EB6351 /* SettingsView.swift */ = {isa = PBXFileReference; lastKnownFileType = sourcecode.swift; path = SettingsView.swift; sourceTree = "<group>"; };
		44D24197EAA10BBE96445D77 /* Inter-Bold.ttf */ = {isa = PBXFileReference; lastKnownFileType = file; path = "Inter-Bold.ttf"; sourceTree = "<group>"; };
		5233D2CF6CA1B2E991719533 /* Inter-ExtraBold.ttf */ = {isa = PBXFileReference; lastKnownFileType = file; path = "Inter-ExtraBold.ttf"; sourceTree = "<group>"; };
		5332EA0402C410E8BCE464DE /* CurrencyText.swift */ = {isa = PBXFileReference; lastKnownFileType = sourcecode.swift; path = CurrencyText.swift; sourceTree = "<group>"; };
		5533C708F71816BAD74E6DC2 /* ShareSheet.swift */ = {isa = PBXFileReference; lastKnownFileType = sourcecode.swift; path = ShareSheet.swift; sourceTree = "<group>"; };
		5BC494B92C404C5D205D6A78 /* .gitkeep */ = {isa = PBXFileReference; path = .gitkeep; sourceTree = "<group>"; };
		603B21E08F18762350CEA280 /* BillViewModel.swift */ = {isa = PBXFileReference; lastKnownFileType = sourcecode.swift; path = BillViewModel.swift; sourceTree = "<group>"; };
		611073F11C7561927EE939F3 /* Inter-Regular.ttf */ = {isa = PBXFileReference; lastKnownFileType = file; path = "Inter-Regular.ttf"; sourceTree = "<group>"; };
		6BCE377CC90E67121271D583 /* Assets.xcassets */ = {isa = PBXFileReference; lastKnownFileType = folder.assetcatalog; path = Assets.xcassets; sourceTree = "<group>"; };
		6F3307C47CB1935A213A02CC /* Bill.swift */ = {isa = PBXFileReference; lastKnownFileType = sourcecode.swift; path = Bill.swift; sourceTree = "<group>"; };
		70BFF19D6672D922E5ED88DC /* AuthService.swift */ = {isa = PBXFileReference; lastKnownFileType = sourcecode.swift; path = AuthService.swift; sourceTree = "<group>"; };
		793075B2C3E7104AAA75BD79 /* Typography.swift */ = {isa = PBXFileReference; lastKnownFileType = sourcecode.swift; path = Typography.swift; sourceTree = "<group>"; };
		7DC8C9966BA22F2BA032CC3D /* ReceiptMapper.swift */ = {isa = PBXFileReference; lastKnownFileType = sourcecode.swift; path = ReceiptMapper.swift; sourceTree = "<group>"; };
		7E3C2F333312D28D79737012 /* .gitkeep */ = {isa = PBXFileReference; path = .gitkeep; sourceTree = "<group>"; };
		7F2B77EF8FDD632C394C4F0C /* TBToast.swift */ = {isa = PBXFileReference; lastKnownFileType = sourcecode.swift; path = TBToast.swift; sourceTree = "<group>"; };
		85E9A5D89F51EC5D7D6A39DC /* TipPickerView.swift */ = {isa = PBXFileReference; lastKnownFileType = sourcecode.swift; path = TipPickerView.swift; sourceTree = "<group>"; };
		8C7BB2B09DB7F1BE1E7029F6 /* PersonChip.swift */ = {isa = PBXFileReference; lastKnownFileType = sourcecode.swift; path = PersonChip.swift; sourceTree = "<group>"; };
		8CE3A6243242F7117E821AF4 /* .gitkeep */ = {isa = PBXFileReference; path = .gitkeep; sourceTree = "<group>"; };
		8D1574FC34846488002E2864 /* ScannerView.swift */ = {isa = PBXFileReference; lastKnownFileType = sourcecode.swift; path = ScannerView.swift; sourceTree = "<group>"; };
		932F92E6A45A72DDB26478EA /* CameraPreview.swift */ = {isa = PBXFileReference; lastKnownFileType = sourcecode.swift; path = CameraPreview.swift; sourceTree = "<group>"; };
		95E2A854B195BE825D93AE97 /* TabbyAppMain.swift */ = {isa = PBXFileReference; lastKnownFileType = sourcecode.swift; path = TabbyAppMain.swift; sourceTree = "<group>"; };
		9704E1B211370A8CC601A1F5 /* Info.plist */ = {isa = PBXFileReference; lastKnownFileType = text.plist; path = Info.plist; sourceTree = "<group>"; };
		9934F866A6DB479E106FF86A /* ItemListView.swift */ = {isa = PBXFileReference; lastKnownFileType = sourcecode.swift; path = ItemListView.swift; sourceTree = "<group>"; };
		99B5CDE9FD351EA0BB554E7C /* PersistentItem.swift */ = {isa = PBXFileReference; lastKnownFileType = sourcecode.swift; path = PersistentItem.swift; sourceTree = "<group>"; };
		9C9295AF889F8EE07CFCA09A /* TabbyApp.app */ = {isa = PBXFileReference; includeInIndex = 0; lastKnownFileType = wrapper.application; path = TabbyApp.app; sourceTree = BUILT_PRODUCTS_DIR; };
		9CFA2E5B6A5C4F1EF32273A9 /* UserPreferences.swift */ = {isa = PBXFileReference; lastKnownFileType = sourcecode.swift; path = UserPreferences.swift; sourceTree = "<group>"; };
		9CFBEC9EC4FE2E1BCD9C56D6 /* VenmoService.swift */ = {isa = PBXFileReference; lastKnownFileType = sourcecode.swift; path = VenmoService.swift; sourceTree = "<group>"; };
		A1C5919B222B1E84F864C385 /* MainTabView.swift */ = {isa = PBXFileReference; lastKnownFileType = sourcecode.swift; path = MainTabView.swift; sourceTree = "<group>"; };
		A2A37D7E11FF7E820D99491A /* Inter-SemiBold.ttf */ = {isa = PBXFileReference; lastKnownFileType = file; path = "Inter-SemiBold.ttf"; sourceTree = "<group>"; };
		A4BBFA3F9F71BEA4EE85C0FE /* ItemShare.swift */ = {isa = PBXFileReference; lastKnownFileType = sourcecode.swift; path = ItemShare.swift; sourceTree = "<group>"; };
		A93D4258AC61D9B684510FC0 /* PersonDot.swift */ = {isa = PBXFileReference; lastKnownFileType = sourcecode.swift; path = PersonDot.swift; sourceTree = "<group>"; };
		A9F7B5C9C6880020338A8541 /* .gitkeep */ = {isa = PBXFileReference; path = .gitkeep; sourceTree = "<group>"; };
		AB218B70AF6B52C3FE9F8B39 /* EmptyStateView.swift */ = {isa = PBXFileReference; lastKnownFileType = sourcecode.swift; path = EmptyStateView.swift; sourceTree = "<group>"; };
		AD3754D2783C2540CAF05CD5 /* PennyReconciler.swift */ = {isa = PBXFileReference; lastKnownFileType = sourcecode.swift; path = PennyReconciler.swift; sourceTree = "<group>"; };
		B11F0D304FD0B244E0D2FA8A /* JetBrainsMono-Bold.ttf */ = {isa = PBXFileReference; lastKnownFileType = file; path = "JetBrainsMono-Bold.ttf"; sourceTree = "<group>"; };
		B6D73003E07191DAD25B1CBA /* Tokens.swift */ = {isa = PBXFileReference; lastKnownFileType = sourcecode.swift; path = Tokens.swift; sourceTree = "<group>"; };
		BA934FC8CD78A3AA52503CE7 /* HomeView.swift */ = {isa = PBXFileReference; lastKnownFileType = sourcecode.swift; path = HomeView.swift; sourceTree = "<group>"; };
		BACD732C488FA2D87788A9F0 /* APITypes.swift */ = {isa = PBXFileReference; lastKnownFileType = sourcecode.swift; path = APITypes.swift; sourceTree = "<group>"; };
		C2033B398178771614A49EEE /* APIClient.swift */ = {isa = PBXFileReference; lastKnownFileType = sourcecode.swift; path = APIClient.swift; sourceTree = "<group>"; };
		C3E77D052B029FD2D200FB56 /* .gitkeep */ = {isa = PBXFileReference; path = .gitkeep; sourceTree = "<group>"; };
		C4DE38EFC0CDFFD1CBBB0DF1 /* PersistentBill.swift */ = {isa = PBXFileReference; lastKnownFileType = sourcecode.swift; path = PersistentBill.swift; sourceTree = "<group>"; };
		CAC9877115B058698C394F9C /* OCRAPI.swift */ = {isa = PBXFileReference; lastKnownFileType = sourcecode.swift; path = OCRAPI.swift; sourceTree = "<group>"; };
		CB7D04360D7E063BE4A1ECAC /* LoadingOverlay.swift */ = {isa = PBXFileReference; lastKnownFileType = sourcecode.swift; path = LoadingOverlay.swift; sourceTree = "<group>"; };
		D0D8E549D3C8FA3A2B0AC958 /* ContentView.swift */ = {isa = PBXFileReference; lastKnownFileType = sourcecode.swift; path = ContentView.swift; sourceTree = "<group>"; };
		D24E2BBD9E6C4F6FDA3C3A18 /* .gitkeep */ = {isa = PBXFileReference; path = .gitkeep; sourceTree = "<group>"; };
		D4F24504A3EEAD118ED9503D /* PersistenceService.swift */ = {isa = PBXFileReference; lastKnownFileType = sourcecode.swift; path = PersistenceService.swift; sourceTree = "<group>"; };
		D992545C0249927E89D3A6E3 /* Color+Hex.swift */ = {isa = PBXFileReference; lastKnownFileType = sourcecode.swift; path = "Color+Hex.swift"; sourceTree = "<group>"; };
		E53B3E35C6061251F7EECD49 /* JetBrainsMono-Medium.ttf */ = {isa = PBXFileReference; lastKnownFileType = file; path = "JetBrainsMono-Medium.ttf"; sourceTree = "<group>"; };
		EC48484E674793157320DED2 /* DeepLinkHandler.swift */ = {isa = PBXFileReference; lastKnownFileType = sourcecode.swift; path = DeepLinkHandler.swift; sourceTree = "<group>"; };
		F0D4979BC1F0B40DF84EA08B /* .gitkeep */ = {isa = PBXFileReference; path = .gitkeep; sourceTree = "<group>"; };
		F186E048856F77A8EC535808 /* TotalsCard.swift */ = {isa = PBXFileReference; lastKnownFileType = sourcecode.swift; path = TotalsCard.swift; sourceTree = "<group>"; };
		F48D89E6721BAA85723D503D /* AddPersonSheet.swift */ = {isa = PBXFileReference; lastKnownFileType = sourcecode.swift; path = AddPersonSheet.swift; sourceTree = "<group>"; };
		F785F660898514157FAABF8E /* Person.swift */ = {isa = PBXFileReference; lastKnownFileType = sourcecode.swift; path = Person.swift; sourceTree = "<group>"; };
		FBCA68F4AD89DA723A581EFD /* Appearance.swift */ = {isa = PBXFileReference; lastKnownFileType = sourcecode.swift; path = Appearance.swift; sourceTree = "<group>"; };
		FDE7615539CA890D75635B4B /* HistoryRowView.swift */ = {isa = PBXFileReference; lastKnownFileType = sourcecode.swift; path = HistoryRowView.swift; sourceTree = "<group>"; };
/* End PBXFileReference section */

/* Begin PBXFrameworksBuildPhase section */
		41ECDE0599C0D7BB36C21884 /* Frameworks */ = {
			isa = PBXFrameworksBuildPhase;
			buildActionMask = 2147483647;
			files = (
				74E6D0651EEB036369ED5412 /* ClerkKit in Frameworks */,
				7CD0CA8B4CD6A6A138AF51AC /* ClerkKitUI in Frameworks */,
			);
			runOnlyForDeploymentPostprocessing = 0;
		};
/* End PBXFrameworksBuildPhase section */

/* Begin PBXGroup section */
		0BC65357CCF290992183AEE4 /* App */ = {
			isa = PBXGroup;
			children = (
				D0D8E549D3C8FA3A2B0AC958 /* ContentView.swift */,
			);
			path = App;
			sourceTree = "<group>";
		};
		2C2F27C4B2DC850F45EE8D7B /* Persistence */ = {
			isa = PBXGroup;
			children = (
				D4F24504A3EEAD118ED9503D /* PersistenceService.swift */,
			);
			path = Persistence;
			sourceTree = "<group>";
		};
		3A36016ABB66AB0F1303419B /* DesignSystem */ = {
			isa = PBXGroup;
			children = (
				FBCA68F4AD89DA723A581EFD /* Appearance.swift */,
				D992545C0249927E89D3A6E3 /* Color+Hex.swift */,
				14B95A8B1E08965078C7A04E /* FontRegistration.swift */,
				A93D4258AC61D9B684510FC0 /* PersonDot.swift */,
				2AF4ADFCBF99A5727C1B8622 /* Primitives.swift */,
				B6D73003E07191DAD25B1CBA /* Tokens.swift */,
				793075B2C3E7104AAA75BD79 /* Typography.swift */,
			);
			path = DesignSystem;
			sourceTree = "<group>";
		};
		5795D7C74BBEE00717B8CCEB /* API */ = {
			isa = PBXGroup;
			children = (
				D24E2BBD9E6C4F6FDA3C3A18 /* .gitkeep */,
				C2033B398178771614A49EEE /* APIClient.swift */,
				BACD732C488FA2D87788A9F0 /* APITypes.swift */,
				32CC1E7508DEE057C06AA021 /* BillAPI.swift */,
				CAC9877115B058698C394F9C /* OCRAPI.swift */,
			);
			path = API;
			sourceTree = "<group>";
		};
		6193C9441DB12DA72A5C99EC /* Screens */ = {
			isa = PBXGroup;
			children = (
				F0D4979BC1F0B40DF84EA08B /* .gitkeep */,
				391BEEC8FCB0FF52FBD848FB /* AddItemSheet.swift */,
				F48D89E6721BAA85723D503D /* AddPersonSheet.swift */,
				31B2FB00EC6C735A5A4A89EF /* AssignView.swift */,
				932F92E6A45A72DDB26478EA /* CameraPreview.swift */,
				33CEB2197E42064650286BC8 /* HistoryView.swift */,
				BA934FC8CD78A3AA52503CE7 /* HomeView.swift */,
				9934F866A6DB479E106FF86A /* ItemListView.swift */,
				A1C5919B222B1E84F864C385 /* MainTabView.swift */,
				8D1574FC34846488002E2864 /* ScannerView.swift */,
				41967E01F63DD69DC1EB6351 /* SettingsView.swift */,
				5533C708F71816BAD74E6DC2 /* ShareSheet.swift */,
				02E4215897A68DF0BC1A6888 /* SummaryView.swift */,
			);
			path = Screens;
			sourceTree = "<group>";
		};
		695E6106D80ACBF500046A48 /* Models */ = {
			isa = PBXGroup;
			children = (
				C3E77D052B029FD2D200FB56 /* .gitkeep */,
				6F3307C47CB1935A213A02CC /* Bill.swift */,
				1E0DDC93CB4B2CFDC810D73D /* Item.swift */,
				A4BBFA3F9F71BEA4EE85C0FE /* ItemShare.swift */,
				F785F660898514157FAABF8E /* Person.swift */,
			);
			path = Models;
			sourceTree = "<group>";
		};
		6C95BD93579B914D9BFAC3F6 /* Auth */ = {
			isa = PBXGroup;
			children = (
				70BFF19D6672D922E5ED88DC /* AuthService.swift */,
			);
			path = Auth;
			sourceTree = "<group>";
		};
		80C6C76AA6A53428E5C7B3F5 /* Resources */ = {
			isa = PBXGroup;
			children = (
				AA86D3D3055FE20DB1534717 /* Fonts */,
			);
			path = Resources;
			sourceTree = "<group>";
		};
		84C4681475BA9487A785C3D4 /* Components */ = {
			isa = PBXGroup;
			children = (
				A9F7B5C9C6880020338A8541 /* .gitkeep */,
				5332EA0402C410E8BCE464DE /* CurrencyText.swift */,
				AB218B70AF6B52C3FE9F8B39 /* EmptyStateView.swift */,
				FDE7615539CA890D75635B4B /* HistoryRowView.swift */,
				25511B58AA47DFCB900BA99A /* ItemRow.swift */,
				CB7D04360D7E063BE4A1ECAC /* LoadingOverlay.swift */,
				8C7BB2B09DB7F1BE1E7029F6 /* PersonChip.swift */,
				3FD6EAF871F40DBEF78C09D1 /* ReceiptShareCard.swift */,
				7F2B77EF8FDD632C394C4F0C /* TBToast.swift */,
				85E9A5D89F51EC5D7D6A39DC /* TipPickerView.swift */,
				F186E048856F77A8EC535808 /* TotalsCard.swift */,
			);
			path = Components;
			sourceTree = "<group>";
		};
		8C064F7682C50DC97FCDA3C1 /* Core */ = {
			isa = PBXGroup;
			children = (
				F1E696C7B6549455776DC39A /* Calculator */,
				695E6106D80ACBF500046A48 /* Models */,
				E80355A1EE2CE0F651925E0E /* Persistence */,
				C63B1B964D63C8ECD024A10F /* Utilities */,
			);
			path = Core;
			sourceTree = "<group>";
		};
		961D48B42EE30D533076759D /* Services */ = {
			isa = PBXGroup;
			children = (
				0D33001A41A61F14A7FF6DC5 /* ClerkConfig.swift */,
				EC48484E674793157320DED2 /* DeepLinkHandler.swift */,
				7DC8C9966BA22F2BA032CC3D /* ReceiptMapper.swift */,
				9CFA2E5B6A5C4F1EF32273A9 /* UserPreferences.swift */,
				9CFBEC9EC4FE2E1BCD9C56D6 /* VenmoService.swift */,
				5795D7C74BBEE00717B8CCEB /* API */,
				6C95BD93579B914D9BFAC3F6 /* Auth */,
				2C2F27C4B2DC850F45EE8D7B /* Persistence */,
				FD12A3947A4A44BCD8C67ACF /* Storage */,
			);
			path = Services;
			sourceTree = "<group>";
		};
		A6083BEADA4F623698B272DF = {
			isa = PBXGroup;
			children = (
				A9EE24CBDC49D3B9CD5D533A /* Tabby */,
				F6DDE80D9EA3AE9C9A26F3C1 /* TabbyApp */,
				B6211BC33E06ABB2AA1C52E8 /* Products */,
			);
			sourceTree = "<group>";
		};
		A685513680D917E5D096AEDC /* Views */ = {
			isa = PBXGroup;
			children = (
				84C4681475BA9487A785C3D4 /* Components */,
				6193C9441DB12DA72A5C99EC /* Screens */,
				B16CCD4415DF0BCF7864C045 /* Shared */,
			);
			path = Views;
			sourceTree = "<group>";
		};
		A9EE24CBDC49D3B9CD5D533A /* Tabby */ = {
			isa = PBXGroup;
			children = (
				0BC65357CCF290992183AEE4 /* App */,
				8C064F7682C50DC97FCDA3C1 /* Core */,
				3A36016ABB66AB0F1303419B /* DesignSystem */,
				80C6C76AA6A53428E5C7B3F5 /* Resources */,
				961D48B42EE30D533076759D /* Services */,
				B7DAEE2C55CF45D61126D481 /* ViewModels */,
				A685513680D917E5D096AEDC /* Views */,
			);
			name = Tabby;
			path = Tabby/Sources/Tabby;
			sourceTree = "<group>";
		};
		AA86D3D3055FE20DB1534717 /* Fonts */ = {
			isa = PBXGroup;
			children = (
				44D24197EAA10BBE96445D77 /* Inter-Bold.ttf */,
				5233D2CF6CA1B2E991719533 /* Inter-ExtraBold.ttf */,
				4081A1BE79D69BC51EB2B4B3 /* Inter-Medium.ttf */,
				611073F11C7561927EE939F3 /* Inter-Regular.ttf */,
				A2A37D7E11FF7E820D99491A /* Inter-SemiBold.ttf */,
				B11F0D304FD0B244E0D2FA8A /* JetBrainsMono-Bold.ttf */,
				E53B3E35C6061251F7EECD49 /* JetBrainsMono-Medium.ttf */,
				3C770C87550AB76F6BD030D2 /* JetBrainsMono-Regular.ttf */,
			);
			path = Fonts;
			sourceTree = "<group>";
		};
		B16CCD4415DF0BCF7864C045 /* Shared */ = {
			isa = PBXGroup;
			children = (
				7E3C2F333312D28D79737012 /* .gitkeep */,
			);
			path = Shared;
			sourceTree = "<group>";
		};
		B6211BC33E06ABB2AA1C52E8 /* Products */ = {
			isa = PBXGroup;
			children = (
				9C9295AF889F8EE07CFCA09A /* TabbyApp.app */,
			);
			name = Products;
			sourceTree = "<group>";
		};
		B7DAEE2C55CF45D61126D481 /* ViewModels */ = {
			isa = PBXGroup;
			children = (
				1B47BBEA71CF7504C7F10432 /* .gitkeep */,
				603B21E08F18762350CEA280 /* BillViewModel.swift */,
			);
			path = ViewModels;
			sourceTree = "<group>";
		};
		C63B1B964D63C8ECD024A10F /* Utilities */ = {
			isa = PBXGroup;
			children = (
				8CE3A6243242F7117E821AF4 /* .gitkeep */,
			);
			path = Utilities;
			sourceTree = "<group>";
		};
		E80355A1EE2CE0F651925E0E /* Persistence */ = {
			isa = PBXGroup;
			children = (
				C4DE38EFC0CDFFD1CBBB0DF1 /* PersistentBill.swift */,
				99B5CDE9FD351EA0BB554E7C /* PersistentItem.swift */,
				28339F5199E889E8DA0FFF32 /* PersistentPerson.swift */,
			);
			path = Persistence;
			sourceTree = "<group>";
		};
		F1E696C7B6549455776DC39A /* Calculator */ = {
			isa = PBXGroup;
			children = (
				5BC494B92C404C5D205D6A78 /* .gitkeep */,
				4049725F5DE46246213B6EA4 /* BillCalculator.swift */,
				AD3754D2783C2540CAF05CD5 /* PennyReconciler.swift */,
			);
			path = Calculator;
			sourceTree = "<group>";
		};
		F6DDE80D9EA3AE9C9A26F3C1 /* TabbyApp */ = {
			isa = PBXGroup;
			children = (
				6BCE377CC90E67121271D583 /* Assets.xcassets */,
				9704E1B211370A8CC601A1F5 /* Info.plist */,
				22BF3F5A17878C53D214ADA2 /* TabbyApp.entitlements */,
				95E2A854B195BE825D93AE97 /* TabbyAppMain.swift */,
			);
			path = TabbyApp;
			sourceTree = "<group>";
		};
		FD12A3947A4A44BCD8C67ACF /* Storage */ = {
			isa = PBXGroup;
			children = (
				06E5AC7620F0F8D0A636D23B /* .gitkeep */,
			);
			path = Storage;
			sourceTree = "<group>";
		};
/* End PBXGroup section */

/* Begin PBXNativeTarget section */
		9D23547CA86DAA099D5018B0 /* TabbyApp */ = {
			isa = PBXNativeTarget;
			buildConfigurationList = 58B973DBC045C4084ED33CC9 /* Build configuration list for PBXNativeTarget "TabbyApp" */;
			buildPhases = (
				3C012AA43C4145FCD18C7CAF /* Sources */,
				FB04FA6ED3F9AE761027FC39 /* Resources */,
				41ECDE0599C0D7BB36C21884 /* Frameworks */,
			);
			buildRules = (
			);
			dependencies = (
			);
			name = TabbyApp;
			packageProductDependencies = (
				024A8203182F094F30F83D14 /* ClerkKit */,
				04D61DCAC1185FFA6DC4CD71 /* ClerkKitUI */,
			);
			productName = TabbyApp;
			productReference = 9C9295AF889F8EE07CFCA09A /* TabbyApp.app */;
			productType = "com.apple.product-type.application";
		};
/* End PBXNativeTarget section */

/* Begin PBXProject section */
		5C215F566D6551A27C3D08F8 /* Project object */ = {
			isa = PBXProject;
			attributes = {
				BuildIndependentTargetsInParallel = YES;
				LastUpgradeCheck = 1500;
				TargetAttributes = {
					9D23547CA86DAA099D5018B0 = {
						DevelopmentTeam = 3RP42MC533;
						ProvisioningStyle = Automatic;
					};
				};
			};
			buildConfigurationList = A472E1EFD98A12FF27B2F6AC /* Build configuration list for PBXProject "TabbyApp" */;
			developmentRegion = en;
			hasScannedForEncodings = 0;
			knownRegions = (
				Base,
				en,
			);
			mainGroup = A6083BEADA4F623698B272DF;
			minimizedProjectReferenceProxies = 1;
			packageReferences = (
				1ADE1F9344916DDB0AEF5926 /* XCRemoteSwiftPackageReference "clerk-ios" */,
			);
			preferredProjectObjectVersion = 77;
			productRefGroup = B6211BC33E06ABB2AA1C52E8 /* Products */;
			projectDirPath = "";
			projectRoot = "";
			targets = (
				9D23547CA86DAA099D5018B0 /* TabbyApp */,
			);
		};
/* End PBXProject section */

/* Begin PBXResourcesBuildPhase section */
		FB04FA6ED3F9AE761027FC39 /* Resources */ = {
			isa = PBXResourcesBuildPhase;
			buildActionMask = 2147483647;
			files = (
				C894294D924EF30D9D2D589A /* Assets.xcassets in Resources */,
				6A71EDBB59C635F2AECCFB50 /* Inter-Bold.ttf in Resources */,
				07EBA88DD5D484E23DC9AE63 /* Inter-ExtraBold.ttf in Resources */,
				6B7E1E0EF508F03B35E9B0E1 /* Inter-Medium.ttf in Resources */,
				8AAD3E3167F39DBAFF757A96 /* Inter-Regular.ttf in Resources */,
				393F2C2B1DC0101AC672C483 /* Inter-SemiBold.ttf in Resources */,
				9ACD5FA30546290257FABD02 /* JetBrainsMono-Bold.ttf in Resources */,
				066310E1C4AE3A2D38A86B29 /* JetBrainsMono-Medium.ttf in Resources */,
				B06B3D3BD6EA788CD5788C53 /* JetBrainsMono-Regular.ttf in Resources */,
			);
			runOnlyForDeploymentPostprocessing = 0;
		};
/* End PBXResourcesBuildPhase section */

/* Begin PBXSourcesBuildPhase section */
		3C012AA43C4145FCD18C7CAF /* Sources */ = {
			isa = PBXSourcesBuildPhase;
			buildActionMask = 2147483647;
			files = (
				1BAADEB2CE8297A5411F7C03 /* APIClient.swift in Sources */,
				2A1A1465B27964C6F3E0EA1C /* APITypes.swift in Sources */,
				5242852BCE251CC87C317628 /* AddItemSheet.swift in Sources */,
				13976D301F88A1C238C19788 /* AddPersonSheet.swift in Sources */,
				51BC2BA978C9CDD82C7817FA /* Appearance.swift in Sources */,
				F266295F4264F252ABB61527 /* AssignView.swift in Sources */,
				1E67426CFFAF93CE7931E45E /* AuthService.swift in Sources */,
				58588F92FADD479750305336 /* Bill.swift in Sources */,
				B46972CFAEC5956E0F292977 /* BillAPI.swift in Sources */,
				2F1DD517616175BB4C8F94CB /* BillCalculator.swift in Sources */,
				96C0C0188B5D778649E9D2E5 /* BillViewModel.swift in Sources */,
				1C74D65D731FD39CAD64D854 /* CameraPreview.swift in Sources */,
				0768B42A4C4837B35E0E2D92 /* ClerkConfig.swift in Sources */,
				0AF25A974BE905CC8C24B411 /* Color+Hex.swift in Sources */,
				82B0FA04C279931FCF0650DA /* ContentView.swift in Sources */,
				B32F82297737A2D7E601DF71 /* CurrencyText.swift in Sources */,
				EBEB972A19FB5B0F5ABAD449 /* DeepLinkHandler.swift in Sources */,
				C8EE1EBCF616BF1A91C620B9 /* EmptyStateView.swift in Sources */,
				5C4DCB57241A2DB51B1D605E /* FontRegistration.swift in Sources */,
				1516AD1FE5626B7117B3133B /* HistoryRowView.swift in Sources */,
				3BEE3F7426ABEE0293C666D5 /* HistoryView.swift in Sources */,
				71BA4B0B5DE45E9952918262 /* HomeView.swift in Sources */,
				2F598F440FE0F95620971525 /* Item.swift in Sources */,
				E26ED7F3783BCBF49C94B429 /* ItemListView.swift in Sources */,
				DF6E283B74995F813BCD55EC /* ItemRow.swift in Sources */,
				6630DF55810C3A037FBB9428 /* ItemShare.swift in Sources */,
				9C15957A623F2DEA4AF647C1 /* LoadingOverlay.swift in Sources */,
				539B386AB79937FCF43DE6D7 /* MainTabView.swift in Sources */,
				0D2D0B74059E57B45C9EBA8F /* OCRAPI.swift in Sources */,
				2E115CBAAEDF62E0106B61FC /* PennyReconciler.swift in Sources */,
				D18E7AE2BAC6C142F801AAF8 /* PersistenceService.swift in Sources */,
				3BB0D3E84A929DA7AA4FCB2C /* PersistentBill.swift in Sources */,
				67B6C0EA60F0DF12684C645D /* PersistentItem.swift in Sources */,
				A1FC5ECA28C0B050C15228D9 /* PersistentPerson.swift in Sources */,
				C739E5FE3820F0B4E912F336 /* Person.swift in Sources */,
				3E6FAB1C26FA480E24B5DBC5 /* PersonChip.swift in Sources */,
				E7FA2182D6F827ED1557822F /* PersonDot.swift in Sources */,
				B993913F403AE695AF702C91 /* Primitives.swift in Sources */,
				B8CF5CE39F52D937F034412D /* ReceiptMapper.swift in Sources */,
				703B7E6DC574DACEDE4F0A40 /* ReceiptShareCard.swift in Sources */,
				2EE9F8322BA465521AD2D0F2 /* ScannerView.swift in Sources */,
				D50C5E9E4CBB7101A63F3840 /* SettingsView.swift in Sources */,
				76B524D46AECABB97DDB772C /* ShareSheet.swift in Sources */,
				2FD52A1F0BC6DD9C5655F93E /* SummaryView.swift in Sources */,
				EEA55BAF90A2F94B809948D1 /* TBToast.swift in Sources */,
				D1F5840508D470ADCC636388 /* TabbyAppMain.swift in Sources */,
				B7DEFF09A969F260BFA622D6 /* TipPickerView.swift in Sources */,
				F71BBAB6675375DF55C1B05B /* Tokens.swift in Sources */,
				B2BDC8C2ABCE30681A3E5E60 /* TotalsCard.swift in Sources */,
				D7BCFEEF3DA18216875E93E6 /* Typography.swift in Sources */,
				7D7D2720B3CA8B17D6B94C18 /* UserPreferences.swift in Sources */,
				94E1B090BB86F6AEF2AA2DAB /* VenmoService.swift in Sources */,
			);
			runOnlyForDeploymentPostprocessing = 0;
		};
/* End PBXSourcesBuildPhase section */

/* Begin XCBuildConfiguration section */
		64250C724A9A8BD76A5F8055 /* Debug */ = {
			isa = XCBuildConfiguration;
			buildSettings = {
				ASSETCATALOG_COMPILER_APPICON_NAME = AppIcon;
				CODE_SIGN_ENTITLEMENTS = TabbyApp/TabbyApp.entitlements;
				CODE_SIGN_IDENTITY = "iPhone Developer";
				CURRENT_PROJECT_VERSION = 1;
				INFOPLIST_FILE = TabbyApp/Info.plist;
				LD_RUNPATH_SEARCH_PATHS = (
					"$(inherited)",
					"@executable_path/Frameworks",
				);
				MARKETING_VERSION = 1.0.0;
				PRODUCT_BUNDLE_IDENTIFIER = com.peytondoyle.tabby;
				SDKROOT = iphoneos;
				SUPPORTS_XR_DESIGNED_FOR_IPHONE_IPAD = NO;
				TARGETED_DEVICE_FAMILY = "1,2";
			};
			name = Debug;
		};
		74F603A31EC5A605CD6CAA1C /* Release */ = {
			isa = XCBuildConfiguration;
			buildSettings = {
				ASSETCATALOG_COMPILER_APPICON_NAME = AppIcon;
				CODE_SIGN_ENTITLEMENTS = TabbyApp/TabbyApp.entitlements;
				CODE_SIGN_IDENTITY = "iPhone Developer";
				CURRENT_PROJECT_VERSION = 1;
				INFOPLIST_FILE = TabbyApp/Info.plist;
				LD_RUNPATH_SEARCH_PATHS = (
					"$(inherited)",
					"@executable_path/Frameworks",
				);
				MARKETING_VERSION = 1.0.0;
				PRODUCT_BUNDLE_IDENTIFIER = com.peytondoyle.tabby;
				SDKROOT = iphoneos;
				SUPPORTS_XR_DESIGNED_FOR_IPHONE_IPAD = NO;
				TARGETED_DEVICE_FAMILY = "1,2";
			};
			name = Release;
		};
		B2BD2FDC3CC944E4877F395E /* Debug */ = {
			isa = XCBuildConfiguration;
			buildSettings = {
				ALWAYS_SEARCH_USER_PATHS = NO;
				CLANG_ANALYZER_NONNULL = YES;
				CLANG_ANALYZER_NUMBER_OBJECT_CONVERSION = YES_AGGRESSIVE;
				CLANG_CXX_LANGUAGE_STANDARD = "gnu++14";
				CLANG_CXX_LIBRARY = "libc++";
				CLANG_ENABLE_MODULES = YES;
				CLANG_ENABLE_OBJC_ARC = YES;
				CLANG_ENABLE_OBJC_WEAK = YES;
				CLANG_WARN_BLOCK_CAPTURE_AUTORELEASING = YES;
				CLANG_WARN_BOOL_CONVERSION = YES;
				CLANG_WARN_COMMA = YES;
				CLANG_WARN_CONSTANT_CONVERSION = YES;
				CLANG_WARN_DEPRECATED_OBJC_IMPLEMENTATIONS = YES;
				CLANG_WARN_DIRECT_OBJC_ISA_USAGE = YES_ERROR;
				CLANG_WARN_DOCUMENTATION_COMMENTS = YES;
				CLANG_WARN_EMPTY_BODY = YES;
				CLANG_WARN_ENUM_CONVERSION = YES;
				CLANG_WARN_INFINITE_RECURSION = YES;
				CLANG_WARN_INT_CONVERSION = YES;
				CLANG_WARN_NON_LITERAL_NULL_CONVERSION = YES;
				CLANG_WARN_OBJC_IMPLICIT_RETAIN_SELF = YES;
				CLANG_WARN_OBJC_LITERAL_CONVERSION = YES;
				CLANG_WARN_OBJC_ROOT_CLASS = YES_ERROR;
				CLANG_WARN_QUOTED_INCLUDE_IN_FRAMEWORK_HEADER = YES;
				CLANG_WARN_RANGE_LOOP_ANALYSIS = YES;
				CLANG_WARN_STRICT_PROTOTYPES = YES;
				CLANG_WARN_SUSPICIOUS_MOVE = YES;
				CLANG_WARN_UNGUARDED_AVAILABILITY = YES_AGGRESSIVE;
				CLANG_WARN_UNREACHABLE_CODE = YES;
				CLANG_WARN__DUPLICATE_METHOD_MATCH = YES;
				CODE_SIGN_STYLE = Automatic;
				COPY_PHASE_STRIP = NO;
				DEBUG_INFORMATION_FORMAT = dwarf;
				DEVELOPMENT_TEAM = 3RP42MC533;
				ENABLE_STRICT_OBJC_MSGSEND = YES;
				ENABLE_TESTABILITY = YES;
				GCC_C_LANGUAGE_STANDARD = gnu11;
				GCC_DYNAMIC_NO_PIC = NO;
				GCC_NO_COMMON_BLOCKS = YES;
				GCC_OPTIMIZATION_LEVEL = 0;
				GCC_PREPROCESSOR_DEFINITIONS = (
					"$(inherited)",
					"DEBUG=1",
				);
				GCC_WARN_64_TO_32_BIT_CONVERSION = YES;
				GCC_WARN_ABOUT_RETURN_TYPE = YES_ERROR;
				GCC_WARN_UNDECLARED_SELECTOR = YES;
				GCC_WARN_UNINITIALIZED_AUTOS = YES_AGGRESSIVE;
				GCC_WARN_UNUSED_FUNCTION = YES;
				GCC_WARN_UNUSED_VARIABLE = YES;
				IPHONEOS_DEPLOYMENT_TARGET = 17.0;
				MTL_ENABLE_DEBUG_INFO = INCLUDE_SOURCE;
				MTL_FAST_MATH = YES;
				ONLY_ACTIVE_ARCH = YES;
				PRODUCT_NAME = "$(TARGET_NAME)";
				SDKROOT = iphoneos;
				SWIFT_ACTIVE_COMPILATION_CONDITIONS = DEBUG;
				SWIFT_OPTIMIZATION_LEVEL = "-Onone";
				SWIFT_VERSION = 5.9;
			};
			name = Debug;
		};
		EF404254D547E1643F12CF36 /* Release */ = {
			isa = XCBuildConfiguration;
			buildSettings = {
				ALWAYS_SEARCH_USER_PATHS = NO;
				CLANG_ANALYZER_NONNULL = YES;
				CLANG_ANALYZER_NUMBER_OBJECT_CONVERSION = YES_AGGRESSIVE;
				CLANG_CXX_LANGUAGE_STANDARD = "gnu++14";
				CLANG_CXX_LIBRARY = "libc++";
				CLANG_ENABLE_MODULES = YES;
				CLANG_ENABLE_OBJC_ARC = YES;
				CLANG_ENABLE_OBJC_WEAK = YES;
				CLANG_WARN_BLOCK_CAPTURE_AUTORELEASING = YES;
				CLANG_WARN_BOOL_CONVERSION = YES;
				CLANG_WARN_COMMA = YES;
				CLANG_WARN_CONSTANT_CONVERSION = YES;
				CLANG_WARN_DEPRECATED_OBJC_IMPLEMENTATIONS = YES;
				CLANG_WARN_DIRECT_OBJC_ISA_USAGE = YES_ERROR;
				CLANG_WARN_DOCUMENTATION_COMMENTS = YES;
				CLANG_WARN_EMPTY_BODY = YES;
				CLANG_WARN_ENUM_CONVERSION = YES;
				CLANG_WARN_INFINITE_RECURSION = YES;
				CLANG_WARN_INT_CONVERSION = YES;
				CLANG_WARN_NON_LITERAL_NULL_CONVERSION = YES;
				CLANG_WARN_OBJC_IMPLICIT_RETAIN_SELF = YES;
				CLANG_WARN_OBJC_LITERAL_CONVERSION = YES;
				CLANG_WARN_OBJC_ROOT_CLASS = YES_ERROR;
				CLANG_WARN_QUOTED_INCLUDE_IN_FRAMEWORK_HEADER = YES;
				CLANG_WARN_RANGE_LOOP_ANALYSIS = YES;
				CLANG_WARN_STRICT_PROTOTYPES = YES;
				CLANG_WARN_SUSPICIOUS_MOVE = YES;
				CLANG_WARN_UNGUARDED_AVAILABILITY = YES_AGGRESSIVE;
				CLANG_WARN_UNREACHABLE_CODE = YES;
				CLANG_WARN__DUPLICATE_METHOD_MATCH = YES;
				CODE_SIGN_STYLE = Automatic;
				COPY_PHASE_STRIP = NO;
				DEBUG_INFORMATION_FORMAT = "dwarf-with-dsym";
				DEVELOPMENT_TEAM = 3RP42MC533;
				ENABLE_NS_ASSERTIONS = NO;
				ENABLE_STRICT_OBJC_MSGSEND = YES;
				GCC_C_LANGUAGE_STANDARD = gnu11;
				GCC_NO_COMMON_BLOCKS = YES;
				GCC_WARN_64_TO_32_BIT_CONVERSION = YES;
				GCC_WARN_ABOUT_RETURN_TYPE = YES_ERROR;
				GCC_WARN_UNDECLARED_SELECTOR = YES;
				GCC_WARN_UNINITIALIZED_AUTOS = YES_AGGRESSIVE;
				GCC_WARN_UNUSED_FUNCTION = YES;
				GCC_WARN_UNUSED_VARIABLE = YES;
				IPHONEOS_DEPLOYMENT_TARGET = 17.0;
				MTL_ENABLE_DEBUG_INFO = NO;
				MTL_FAST_MATH = YES;
				PRODUCT_NAME = "$(TARGET_NAME)";
				SDKROOT = iphoneos;
				SWIFT_COMPILATION_MODE = wholemodule;
				SWIFT_OPTIMIZATION_LEVEL = "-O";
				SWIFT_VERSION = 5.9;
			};
			name = Release;
		};
/* End XCBuildConfiguration section */

/* Begin XCConfigurationList section */
		58B973DBC045C4084ED33CC9 /* Build configuration list for PBXNativeTarget "TabbyApp" */ = {
			isa = XCConfigurationList;
			buildConfigurations = (
				64250C724A9A8BD76A5F8055 /* Debug */,
				74F603A31EC5A605CD6CAA1C /* Release */,
			);
			defaultConfigurationIsVisible = 0;
			defaultConfigurationName = Debug;
		};
		A472E1EFD98A12FF27B2F6AC /* Build configuration list for PBXProject "TabbyApp" */ = {
			isa = XCConfigurationList;
			buildConfigurations = (
				B2BD2FDC3CC944E4877F395E /* Debug */,
				EF404254D547E1643F12CF36 /* Release */,
			);
			defaultConfigurationIsVisible = 0;
			defaultConfigurationName = Debug;
		};
/* End XCConfigurationList section */

/* Begin XCRemoteSwiftPackageReference section */
		1ADE1F9344916DDB0AEF5926 /* XCRemoteSwiftPackageReference "clerk-ios" */ = {
			isa = XCRemoteSwiftPackageReference;
			repositoryURL = "https://github.com/clerk/clerk-ios";
			requirement = {
				kind = upToNextMajorVersion;
				minimumVersion = 1.0.0;
			};
		};
/* End XCRemoteSwiftPackageReference section */

/* Begin XCSwiftPackageProductDependency section */
		024A8203182F094F30F83D14 /* ClerkKit */ = {
			isa = XCSwiftPackageProductDependency;
			package = 1ADE1F9344916DDB0AEF5926 /* XCRemoteSwiftPackageReference "clerk-ios" */;
			productName = ClerkKit;
		};
		04D61DCAC1185FFA6DC4CD71 /* ClerkKitUI */ = {
			isa = XCSwiftPackageProductDependency;
			package = 1ADE1F9344916DDB0AEF5926 /* XCRemoteSwiftPackageReference "clerk-ios" */;
			productName = ClerkKitUI;
		};
/* End XCSwiftPackageProductDependency section */
	};
	rootObject = 5C215F566D6551A27C3D08F8 /* Project object */;
}
